
Microsoft Visual Studio Solution File, Format Version 12.00
# Visual Studio Version 17
VisualStudioVersion = 17.4.33103.184
MinimumVisualStudioVersion = 10.0.40219.1
Project("{FAE04EC0-301F-11D3-BF4B-00C04F79EFBC}") = "Group1Web2", "Group1Web2\Group1Web2.csproj", "{B67612D3-1B1D-4A3A-8DD4-B17B9FF19D00}"
EndProject
Global
	GlobalSection(SolutionConfigurationPlatforms) = preSolution
		Debug|Any CPU = Debug|Any CPU
		Release|Any CPU = Release|Any CPU
	EndGlobalSection
	GlobalSection(ProjectConfigurationPlatforms) = postSolution
		{B67612D3-1B1D-4A3A-8DD4-B17B9FF19D00}.Debug|Any CPU.ActiveCfg = Debug|Any CPU
		{B67612D3-1B1D-4A3A-8DD4-B17B9FF19D00}.Debug|Any CPU.Build.0 = Debug|Any CPU
		{B67612D3-1B1D-4A3A-8DD4-B17B9FF19D00}.Release|Any CPU.ActiveCfg = Release|Any CPU
		{B67612D3-1B1D-4A3A-8DD4-B17B9FF19D00}.Release|Any CPU.Build.0 = Release|Any CPU
	EndGlobalSection
	GlobalSection(SolutionProperties) = preSolution
		HideSolutionNode = FALSE
	EndGlobalSection
	GlobalSection(ExtensibilityGlobals) = postSolution
		SolutionGuid = {34EA7F1D-FE24-4293-A794-BCD3A8A512F2}
	EndGlobalSection
EndGlobal
